
Microsoft Visual Studio Solution File, Format Version 12.00
# Visual Studio Version 17
VisualStudioVersion = 17.9.34728.123
MinimumVisualStudioVersion = 10.0.40219.1
Project("{9A19103F-16F7-4668-BE54-9A1E7A4F7556}") = "OpenBanking.API", "OpenBanking.API\OpenBanking.API.csproj", "{E4F68B6C-C360-47EA-9EE4-A0E4E6D0D83D}"
EndProject
Project("{9A19103F-16F7-4668-BE54-9A1E7A4F7556}") = "OpenBanking.Application", "OpenBanking.Application\OpenBanking.Application.csproj", "{D6EE765F-55FD-4C4B-B389-35FE7018FAA0}"
EndProject
Project("{9A19103F-16F7-4668-BE54-9A1E7A4F7556}") = "OpenBanking.Infra", "OpenBanking.Infra\OpenBanking.Infra.csproj", "{6C4B3D08-DB64-4764-9947-EBFED1173A93}"
EndProject
Project("{9A19103F-16F7-4668-BE54-9A1E7A4F7556}") = "OpenBanking.Tests", "OpenBanking.Tests\OpenBanking.Tests.csproj", "{D15833A4-12A9-4181-AB35-D8E021A832BB}"
EndProject
Project("{2150E333-8FDC-42A3-9474-1A3956D46DE8}") = "Solution Items", "Solution Items", "{7F3DA925-0618-4DA0-AA85-7105B291D0D9}"
	ProjectSection(SolutionItems) = preProject
		docker-compose.yml = docker-compose.yml
		makefile = makefile
	EndProjectSection
EndProject
Project("{FAE04EC0-301F-11D3-BF4B-00C04F79EFBC}") = "OpenBanking.Worker", "OpenBanking.Worker\OpenBanking.Worker.csproj", "{EC120C91-8AA6-4C65-92C8-2D997F7392A0}"
EndProject
Global
	GlobalSection(SolutionConfigurationPlatforms) = preSolution
		Debug|Any CPU = Debug|Any CPU
		Release|Any CPU = Release|Any CPU
	EndGlobalSection
	GlobalSection(ProjectConfigurationPlatforms) = postSolution
		{E4F68B6C-C360-47EA-9EE4-A0E4E6D0D83D}.Debug|Any CPU.ActiveCfg = Debug|Any CPU
		{E4F68B6C-C360-47EA-9EE4-A0E4E6D0D83D}.Debug|Any CPU.Build.0 = Debug|Any CPU
		{E4F68B6C-C360-47EA-9EE4-A0E4E6D0D83D}.Release|Any CPU.ActiveCfg = Release|Any CPU
		{E4F68B6C-C360-47EA-9EE4-A0E4E6D0D83D}.Release|Any CPU.Build.0 = Release|Any CPU
		{D6EE765F-55FD-4C4B-B389-35FE7018FAA0}.Debug|Any CPU.ActiveCfg = Debug|Any CPU
		{D6EE765F-55FD-4C4B-B389-35FE7018FAA0}.Debug|Any CPU.Build.0 = Debug|Any CPU
		{D6EE765F-55FD-4C4B-B389-35FE7018FAA0}.Release|Any CPU.ActiveCfg = Release|Any CPU
		{D6EE765F-55FD-4C4B-B389-35FE7018FAA0}.Release|Any CPU.Build.0 = Release|Any CPU
		{6C4B3D08-DB64-4764-9947-EBFED1173A93}.Debug|Any CPU.ActiveCfg = Debug|Any CPU
		{6C4B3D08-DB64-4764-9947-EBFED1173A93}.Debug|Any CPU.Build.0 = Debug|Any CPU
		{6C4B3D08-DB64-4764-9947-EBFED1173A93}.Release|Any CPU.ActiveCfg = Release|Any CPU
		{6C4B3D08-DB64-4764-9947-EBFED1173A93}.Release|Any CPU.Build.0 = Release|Any CPU
		{D15833A4-12A9-4181-AB35-D8E021A832BB}.Debug|Any CPU.ActiveCfg = Debug|Any CPU
		{D15833A4-12A9-4181-AB35-D8E021A832BB}.Debug|Any CPU.Build.0 = Debug|Any CPU
		{D15833A4-12A9-4181-AB35-D8E021A832BB}.Release|Any CPU.ActiveCfg = Release|Any CPU
		{D15833A4-12A9-4181-AB35-D8E021A832BB}.Release|Any CPU.Build.0 = Release|Any CPU
		{EC120C91-8AA6-4C65-92C8-2D997F7392A0}.Debug|Any CPU.ActiveCfg = Debug|Any CPU
		{EC120C91-8AA6-4C65-92C8-2D997F7392A0}.Debug|Any CPU.Build.0 = Debug|Any CPU
		{EC120C91-8AA6-4C65-92C8-2D997F7392A0}.Release|Any CPU.ActiveCfg = Release|Any CPU
		{EC120C91-8AA6-4C65-92C8-2D997F7392A0}.Release|Any CPU.Build.0 = Release|Any CPU
	EndGlobalSection
	GlobalSection(SolutionProperties) = preSolution
		HideSolutionNode = FALSE
	EndGlobalSection
	GlobalSection(ExtensibilityGlobals) = postSolution
		SolutionGuid = {D362569B-55C3-463B-BA9D-9DE3376C8A02}
	EndGlobalSection
EndGlobal
